# THIS IS AN AUTOGENERATED FILE. DO NOT EDIT THIS FILE DIRECTLY.
# yarn lockfile v1


postscribe@^2.0.8:
  version "2.0.8"
  resolved "https://registry.yarnpkg.com/postscribe/-/postscribe-2.0.8.tgz#5b7a53aad4b690b6c2f75818fcefe74490f410d5"
  integrity sha1-W3pTqtS2kLbC91gY/O/nRJD0ENU=
  dependencies:
    prescribe ">=1.1.2"

prescribe@>=1.1.2:
  version "1.1.3"
  resolved "https://registry.yarnpkg.com/prescribe/-/prescribe-1.1.3.tgz#8d3122445f3fbaf4c4c5817ea527a17fc8139ee6"
  integrity sha1-jTEiRF8/uvTExYF+pSehf8gTnuY=

qs@^6.7.3:
  version "6.7.3"
  resolved "https://registry.yarnpkg.com/qs/-/qs-6.7.3.tgz#67634d715101aa950601f58dbef353b7e1696b95"
  integrity sha512-WBoQWf5L/UOLqUj8Mvr4Om7J+ZTCqPbYPHyeLNRS9t9Q3M3/o/9ctpWnlo8yyETPclx7FhH5LidjKKJa9kdSRQ==
