# THIS IS AN AUTOGENERATED FILE. DO NOT EDIT THIS FILE DIRECTLY.
# yarn lockfile v1


country-code-lookup@^0.0.17:
  version "0.0.17"
  resolved "https://registry.yarnpkg.com/country-code-lookup/-/country-code-lookup-0.0.17.tgz#3607c909df9981d67f2ec346c4d4eaf31708113f"
  integrity sha512-LI4sIeuuYhkuxbI0Bf78aBoupQxjTMH5mVgT1bul1m2XnaT7jaxlaplRcH8XA6ZNFBN4CmuzQKOpSESzuGHlig==

qs@^6.9.7:
  version "6.9.7"
  resolved "https://registry.yarnpkg.com/qs/-/qs-6.9.7.tgz#4610846871485e1e048f44ae3b94033f0e675afe"
  integrity sha512-IhMFgUmuNpyRfxA90umL7ByLlgRXu6tIfKPpF5TmcfRLlLCckfP/g3IQmju6jjpu+Hh8rA+2p6A27ZSPOOHdKw==
